
Microsoft Visual Studio Solution File, Format Version 12.00
# Visual Studio Version 17
VisualStudioVersion = 17.14.36301.6 d17.14
MinimumVisualStudioVersion = 10.0.40219.1
Project("{FAE04EC0-301F-11D3-BF4B-00C04F79EFBC}") = "BlazorTasker", "BlazorTasker.csproj", "{19ACC871-7371-467B-AD38-589FE5AEA104}"
EndProject
Global
	GlobalSection(SolutionConfigurationPlatforms) = preSolution
		Debug|Any CPU = Debug|Any CPU
		Release|Any CPU = Release|Any CPU
	EndGlobalSection
	GlobalSection(ProjectConfigurationPlatforms) = postSolution
		{19ACC871-7371-467B-AD38-589FE5AEA104}.Debug|Any CPU.ActiveCfg = Debug|Any CPU
		{19ACC871-7371-467B-AD38-589FE5AEA104}.Debug|Any CPU.Build.0 = Debug|Any CPU
		{19ACC871-7371-467B-AD38-589FE5AEA104}.Release|Any CPU.ActiveCfg = Release|Any CPU
		{19ACC871-7371-467B-AD38-589FE5AEA104}.Release|Any CPU.Build.0 = Release|Any CPU
	EndGlobalSection
	GlobalSection(SolutionProperties) = preSolution
		HideSolutionNode = FALSE
	EndGlobalSection
	GlobalSection(ExtensibilityGlobals) = postSolution
		SolutionGuid = {51D73623-C892-4091-9494-673B8219604A}
	EndGlobalSection
EndGlobal
